
Microsoft Visual Studio Solution File, Format Version 12.00
# Visual Studio Version 17
VisualStudioVersion = 17.14.36414.22
MinimumVisualStudioVersion = 10.0.40219.1
Project("{FAE04EC0-301F-11D3-BF4B-00C04F79EFBC}") = "Tiwintza.Presentation.Wpf", "Tiwintza.Presentation.Wpf\Tiwintza.Presentation.Wpf.csproj", "{9884A8A4-BBB1-4634-ACB5-F52AFC5647BA}"
EndProject
Project("{FAE04EC0-301F-11D3-BF4B-00C04F79EFBC}") = "Tiwintza.Infrastructure", "Tiwintza.Infrastructure\Tiwintza.Infrastructure.csproj", "{78AB2111-291E-4B96-A861-704E9C5B4B66}"
EndProject
Global
	GlobalSection(SolutionConfigurationPlatforms) = preSolution
		Debug|Any CPU = Debug|Any CPU
		Release|Any CPU = Release|Any CPU
	EndGlobalSection
	GlobalSection(ProjectConfigurationPlatforms) = postSolution
		{9884A8A4-BBB1-4634-ACB5-F52AFC5647BA}.Debug|Any CPU.ActiveCfg = Debug|Any CPU
		{9884A8A4-BBB1-4634-ACB5-F52AFC5647BA}.Debug|Any CPU.Build.0 = Debug|Any CPU
		{9884A8A4-BBB1-4634-ACB5-F52AFC5647BA}.Release|Any CPU.ActiveCfg = Release|Any CPU
		{9884A8A4-BBB1-4634-ACB5-F52AFC5647BA}.Release|Any CPU.Build.0 = Release|Any CPU
		{78AB2111-291E-4B96-A861-704E9C5B4B66}.Debug|Any CPU.ActiveCfg = Debug|Any CPU
		{78AB2111-291E-4B96-A861-704E9C5B4B66}.Debug|Any CPU.Build.0 = Debug|Any CPU
		{78AB2111-291E-4B96-A861-704E9C5B4B66}.Release|Any CPU.ActiveCfg = Release|Any CPU
		{78AB2111-291E-4B96-A861-704E9C5B4B66}.Release|Any CPU.Build.0 = Release|Any CPU
	EndGlobalSection
	GlobalSection(SolutionProperties) = preSolution
		HideSolutionNode = FALSE
	EndGlobalSection
	GlobalSection(ExtensibilityGlobals) = postSolution
		SolutionGuid = {886F74F5-3BFB-4650-AD30-381E2FD8F335}
	EndGlobalSection
EndGlobal
